
Microsoft Visual Studio Solution File, Format Version 12.00
# Visual Studio Version 17
VisualStudioVersion = 17.9.34723.18
MinimumVisualStudioVersion = 10.0.40219.1
Project("{9A19103F-16F7-4668-BE54-9A1E7A4F7556}") = "ConsoleApp9", "ConsoleApp9\ConsoleApp9.csproj", "{555157D4-68E2-4DC1-9D7D-24A171FC9076}"
EndProject
Project("{9A19103F-16F7-4668-BE54-9A1E7A4F7556}") = "task1", "task1\task1.csproj", "{17E4F0A9-C481-43CD-A100-92D1F393C0DB}"
EndProject
Project("{9A19103F-16F7-4668-BE54-9A1E7A4F7556}") = "task2", "task2\task2.csproj", "{942501CF-3599-4A40-A539-BED3E50F78E8}"
EndProject
Project("{9A19103F-16F7-4668-BE54-9A1E7A4F7556}") = "task3", "task3\task3.csproj", "{A55CF236-6E29-4C8C-A1BE-85729BDD9EEF}"
EndProject
Project("{9A19103F-16F7-4668-BE54-9A1E7A4F7556}") = "task4", "task4\task4.csproj", "{7AA76AC0-92C1-4D59-BA81-16080455AA58}"
EndProject
Project("{9A19103F-16F7-4668-BE54-9A1E7A4F7556}") = "task5", "task5\task5.csproj", "{8A28E2F1-D6C2-40E9-B0E9-A3703C123F52}"
EndProject
Project("{9A19103F-16F7-4668-BE54-9A1E7A4F7556}") = "task6", "task6\task6.csproj", "{8F424000-E9ED-4AFB-87F8-C1F92225D5C0}"
EndProject
Project("{9A19103F-16F7-4668-BE54-9A1E7A4F7556}") = "task7", "task7\task7.csproj", "{9A8A04D4-B66E-4BB3-8C2E-B807331DBA0F}"
EndProject
Project("{9A19103F-16F7-4668-BE54-9A1E7A4F7556}") = "task8", "task8\task8.csproj", "{470AE568-2CCF-4FFB-8617-BF5A54347AB6}"
EndProject
Project("{9A19103F-16F7-4668-BE54-9A1E7A4F7556}") = "task9", "task9\task9.csproj", "{28AA31B4-2C23-4806-9298-71C21A9D4F2A}"
EndProject
Project("{9A19103F-16F7-4668-BE54-9A1E7A4F7556}") = "task11", "task11\task11.csproj", "{CC038F7E-909A-4CCC-8F72-C1DC6BBB0B0A}"
EndProject
Project("{9A19103F-16F7-4668-BE54-9A1E7A4F7556}") = "task10", "task10\task10.csproj", "{0442BCC9-610F-4CE8-8A48-155AC2A8C631}"
EndProject
Project("{FAE04EC0-301F-11D3-BF4B-00C04F79EFBC}") = "task12", "task12\task12.csproj", "{77A5D65E-B117-42BB-B4FF-E96F17C021F0}"
EndProject
Project("{FAE04EC0-301F-11D3-BF4B-00C04F79EFBC}") = "task13", "task13\task13.csproj", "{1FF785C9-C47C-49C9-8478-D3D8ABC9C6A7}"
EndProject
Project("{FAE04EC0-301F-11D3-BF4B-00C04F79EFBC}") = "task14", "task14\task14.csproj", "{6D577171-88B7-4B56-A15B-3968E0EDC11A}"
EndProject
Project("{FAE04EC0-301F-11D3-BF4B-00C04F79EFBC}") = "task15", "task15\task15.csproj", "{CDD5E22C-F3F7-4AEB-8CAB-338478AEF6C4}"
EndProject
Global
	GlobalSection(SolutionConfigurationPlatforms) = preSolution
		Debug|Any CPU = Debug|Any CPU
		Release|Any CPU = Release|Any CPU
	EndGlobalSection
	GlobalSection(ProjectConfigurationPlatforms) = postSolution
		{555157D4-68E2-4DC1-9D7D-24A171FC9076}.Debug|Any CPU.ActiveCfg = Debug|Any CPU
		{555157D4-68E2-4DC1-9D7D-24A171FC9076}.Debug|Any CPU.Build.0 = Debug|Any CPU
		{555157D4-68E2-4DC1-9D7D-24A171FC9076}.Release|Any CPU.ActiveCfg = Release|Any CPU
		{555157D4-68E2-4DC1-9D7D-24A171FC9076}.Release|Any CPU.Build.0 = Release|Any CPU
		{17E4F0A9-C481-43CD-A100-92D1F393C0DB}.Debug|Any CPU.ActiveCfg = Debug|Any CPU
		{17E4F0A9-C481-43CD-A100-92D1F393C0DB}.Debug|Any CPU.Build.0 = Debug|Any CPU
		{17E4F0A9-C481-43CD-A100-92D1F393C0DB}.Release|Any CPU.ActiveCfg = Release|Any CPU
		{17E4F0A9-C481-43CD-A100-92D1F393C0DB}.Release|Any CPU.Build.0 = Release|Any CPU
		{942501CF-3599-4A40-A539-BED3E50F78E8}.Debug|Any CPU.ActiveCfg = Debug|Any CPU
		{942501CF-3599-4A40-A539-BED3E50F78E8}.Debug|Any CPU.Build.0 = Debug|Any CPU
		{942501CF-3599-4A40-A539-BED3E50F78E8}.Release|Any CPU.ActiveCfg = Release|Any CPU
		{942501CF-3599-4A40-A539-BED3E50F78E8}.Release|Any CPU.Build.0 = Release|Any CPU
		{A55CF236-6E29-4C8C-A1BE-85729BDD9EEF}.Debug|Any CPU.ActiveCfg = Debug|Any CPU
		{A55CF236-6E29-4C8C-A1BE-85729BDD9EEF}.Debug|Any CPU.Build.0 = Debug|Any CPU
		{A55CF236-6E29-4C8C-A1BE-85729BDD9EEF}.Release|Any CPU.ActiveCfg = Release|Any CPU
		{A55CF236-6E29-4C8C-A1BE-85729BDD9EEF}.Release|Any CPU.Build.0 = Release|Any CPU
		{7AA76AC0-92C1-4D59-BA81-16080455AA58}.Debug|Any CPU.ActiveCfg = Debug|Any CPU
		{7AA76AC0-92C1-4D59-BA81-16080455AA58}.Debug|Any CPU.Build.0 = Debug|Any CPU
		{7AA76AC0-92C1-4D59-BA81-16080455AA58}.Release|Any CPU.ActiveCfg = Release|Any CPU
		{7AA76AC0-92C1-4D59-BA81-16080455AA58}.Release|Any CPU.Build.0 = Release|Any CPU
		{8A28E2F1-D6C2-40E9-B0E9-A3703C123F52}.Debug|Any CPU.ActiveCfg = Debug|Any CPU
		{8A28E2F1-D6C2-40E9-B0E9-A3703C123F52}.Debug|Any CPU.Build.0 = Debug|Any CPU
		{8A28E2F1-D6C2-40E9-B0E9-A3703C123F52}.Release|Any CPU.ActiveCfg = Release|Any CPU
		{8A28E2F1-D6C2-40E9-B0E9-A3703C123F52}.Release|Any CPU.Build.0 = Release|Any CPU
		{8F424000-E9ED-4AFB-87F8-C1F92225D5C0}.Debug|Any CPU.ActiveCfg = Debug|Any CPU
		{8F424000-E9ED-4AFB-87F8-C1F92225D5C0}.Debug|Any CPU.Build.0 = Debug|Any CPU
		{8F424000-E9ED-4AFB-87F8-C1F92225D5C0}.Release|Any CPU.ActiveCfg = Release|Any CPU
		{8F424000-E9ED-4AFB-87F8-C1F92225D5C0}.Release|Any CPU.Build.0 = Release|Any CPU
		{9A8A04D4-B66E-4BB3-8C2E-B807331DBA0F}.Debug|Any CPU.ActiveCfg = Debug|Any CPU
		{9A8A04D4-B66E-4BB3-8C2E-B807331DBA0F}.Debug|Any CPU.Build.0 = Debug|Any CPU
		{9A8A04D4-B66E-4BB3-8C2E-B807331DBA0F}.Release|Any CPU.ActiveCfg = Release|Any CPU
		{9A8A04D4-B66E-4BB3-8C2E-B807331DBA0F}.Release|Any CPU.Build.0 = Release|Any CPU
		{470AE568-2CCF-4FFB-8617-BF5A54347AB6}.Debug|Any CPU.ActiveCfg = Debug|Any CPU
		{470AE568-2CCF-4FFB-8617-BF5A54347AB6}.Debug|Any CPU.Build.0 = Debug|Any CPU
		{470AE568-2CCF-4FFB-8617-BF5A54347AB6}.Release|Any CPU.ActiveCfg = Release|Any CPU
		{470AE568-2CCF-4FFB-8617-BF5A54347AB6}.Release|Any CPU.Build.0 = Release|Any CPU
		{28AA31B4-2C23-4806-9298-71C21A9D4F2A}.Debug|Any CPU.ActiveCfg = Debug|Any CPU
		{28AA31B4-2C23-4806-9298-71C21A9D4F2A}.Debug|Any CPU.Build.0 = Debug|Any CPU
		{28AA31B4-2C23-4806-9298-71C21A9D4F2A}.Release|Any CPU.ActiveCfg = Release|Any CPU
		{28AA31B4-2C23-4806-9298-71C21A9D4F2A}.Release|Any CPU.Build.0 = Release|Any CPU
		{CC038F7E-909A-4CCC-8F72-C1DC6BBB0B0A}.Debug|Any CPU.ActiveCfg = Debug|Any CPU
		{CC038F7E-909A-4CCC-8F72-C1DC6BBB0B0A}.Debug|Any CPU.Build.0 = Debug|Any CPU
		{CC038F7E-909A-4CCC-8F72-C1DC6BBB0B0A}.Release|Any CPU.ActiveCfg = Release|Any CPU
		{CC038F7E-909A-4CCC-8F72-C1DC6BBB0B0A}.Release|Any CPU.Build.0 = Release|Any CPU
		{0442BCC9-610F-4CE8-8A48-155AC2A8C631}.Debug|Any CPU.ActiveCfg = Debug|Any CPU
		{0442BCC9-610F-4CE8-8A48-155AC2A8C631}.Debug|Any CPU.Build.0 = Debug|Any CPU
		{0442BCC9-610F-4CE8-8A48-155AC2A8C631}.Release|Any CPU.ActiveCfg = Release|Any CPU
		{0442BCC9-610F-4CE8-8A48-155AC2A8C631}.Release|Any CPU.Build.0 = Release|Any CPU
		{77A5D65E-B117-42BB-B4FF-E96F17C021F0}.Debug|Any CPU.ActiveCfg = Debug|Any CPU
		{77A5D65E-B117-42BB-B4FF-E96F17C021F0}.Debug|Any CPU.Build.0 = Debug|Any CPU
		{77A5D65E-B117-42BB-B4FF-E96F17C021F0}.Release|Any CPU.ActiveCfg = Release|Any CPU
		{77A5D65E-B117-42BB-B4FF-E96F17C021F0}.Release|Any CPU.Build.0 = Release|Any CPU
		{1FF785C9-C47C-49C9-8478-D3D8ABC9C6A7}.Debug|Any CPU.ActiveCfg = Debug|Any CPU
		{1FF785C9-C47C-49C9-8478-D3D8ABC9C6A7}.Debug|Any CPU.Build.0 = Debug|Any CPU
		{1FF785C9-C47C-49C9-8478-D3D8ABC9C6A7}.Release|Any CPU.ActiveCfg = Release|Any CPU
		{1FF785C9-C47C-49C9-8478-D3D8ABC9C6A7}.Release|Any CPU.Build.0 = Release|Any CPU
		{6D577171-88B7-4B56-A15B-3968E0EDC11A}.Debug|Any CPU.ActiveCfg = Debug|Any CPU
		{6D577171-88B7-4B56-A15B-3968E0EDC11A}.Debug|Any CPU.Build.0 = Debug|Any CPU
		{6D577171-88B7-4B56-A15B-3968E0EDC11A}.Release|Any CPU.ActiveCfg = Release|Any CPU
		{6D577171-88B7-4B56-A15B-3968E0EDC11A}.Release|Any CPU.Build.0 = Release|Any CPU
		{CDD5E22C-F3F7-4AEB-8CAB-338478AEF6C4}.Debug|Any CPU.ActiveCfg = Debug|Any CPU
		{CDD5E22C-F3F7-4AEB-8CAB-338478AEF6C4}.Debug|Any CPU.Build.0 = Debug|Any CPU
		{CDD5E22C-F3F7-4AEB-8CAB-338478AEF6C4}.Release|Any CPU.ActiveCfg = Release|Any CPU
		{CDD5E22C-F3F7-4AEB-8CAB-338478AEF6C4}.Release|Any CPU.Build.0 = Release|Any CPU
	EndGlobalSection
	GlobalSection(SolutionProperties) = preSolution
		HideSolutionNode = FALSE
	EndGlobalSection
	GlobalSection(ExtensibilityGlobals) = postSolution
		SolutionGuid = {510EED5E-EF34-4318-917E-0727DC6E7846}
	EndGlobalSection
EndGlobal
